
Microsoft Visual Studio Solution File, Format Version 11.00
# Visual Studio 2010
Project("{FAE04EC0-301F-11D3-BF4B-00C04F79EFBC}") = "Assembly-CSharp", "Assembly-CSharp.csproj", "{53C16106-6335-0F01-6727-3A455F0F8698}"
EndProject
Project("{FAE04EC0-301F-11D3-BF4B-00C04F79EFBC}") = "Assembly-CSharp-firstpass", "Assembly-CSharp-firstpass.csproj", "{94F2ADF1-991D-EB4C-503B-BE97D3717ABB}"
EndProject
Project("{FAE04EC0-301F-11D3-BF4B-00C04F79EFBC}") = "Assembly-CSharp-Editor-firstpass", "Assembly-CSharp-Editor-firstpass.csproj", "{97300ED5-BCED-4B61-30B6-6D5DFCEA52C3}"
EndProject
Global
	GlobalSection(SolutionConfigurationPlatforms) = preSolution
		Debug|Any CPU = Debug|Any CPU
		Release|Any CPU = Release|Any CPU
	EndGlobalSection
	GlobalSection(ProjectConfigurationPlatforms) = postSolution
		{53C16106-6335-0F01-6727-3A455F0F8698}.Debug|Any CPU.ActiveCfg = Debug|Any CPU
		{53C16106-6335-0F01-6727-3A455F0F8698}.Debug|Any CPU.Build.0 = Debug|Any CPU
		{53C16106-6335-0F01-6727-3A455F0F8698}.Release|Any CPU.ActiveCfg = Release|Any CPU
		{53C16106-6335-0F01-6727-3A455F0F8698}.Release|Any CPU.Build.0 = Release|Any CPU
		{94F2ADF1-991D-EB4C-503B-BE97D3717ABB}.Debug|Any CPU.ActiveCfg = Debug|Any CPU
		{94F2ADF1-991D-EB4C-503B-BE97D3717ABB}.Debug|Any CPU.Build.0 = Debug|Any CPU
		{94F2ADF1-991D-EB4C-503B-BE97D3717ABB}.Release|Any CPU.ActiveCfg = Release|Any CPU
		{94F2ADF1-991D-EB4C-503B-BE97D3717ABB}.Release|Any CPU.Build.0 = Release|Any CPU
		{97300ED5-BCED-4B61-30B6-6D5DFCEA52C3}.Debug|Any CPU.ActiveCfg = Debug|Any CPU
		{97300ED5-BCED-4B61-30B6-6D5DFCEA52C3}.Debug|Any CPU.Build.0 = Debug|Any CPU
		{97300ED5-BCED-4B61-30B6-6D5DFCEA52C3}.Release|Any CPU.ActiveCfg = Release|Any CPU
		{97300ED5-BCED-4B61-30B6-6D5DFCEA52C3}.Release|Any CPU.Build.0 = Release|Any CPU
	EndGlobalSection
	GlobalSection(SolutionProperties) = preSolution
		HideSolutionNode = FALSE
	EndGlobalSection
EndGlobal
